
Microsoft Visual Studio Solution File, Format Version 12.00
# Visual Studio 2012
Project("{8BC9CEB8-8B4A-11D0-8D11-00A0C91BC942}") = "MapReduce", "MapReduce\MapReduce.vcxproj", "{571F728F-A765-47CC-8D89-C92FD5A64ECE}"
EndProject
Global
	GlobalSection(SolutionConfigurationPlatforms) = preSolution
		Debug|Win32 = Debug|Win32
		Release|Win32 = Release|Win32
	EndGlobalSection
	GlobalSection(ProjectConfigurationPlatforms) = postSolution
		{571F728F-A765-47CC-8D89-C92FD5A64ECE}.Debug|Win32.ActiveCfg = Debug|Win32
		{571F728F-A765-47CC-8D89-C92FD5A64ECE}.Debug|Win32.Build.0 = Debug|Win32
		{571F728F-A765-47CC-8D89-C92FD5A64ECE}.Release|Win32.ActiveCfg = Release|Win32
		{571F728F-A765-47CC-8D89-C92FD5A64ECE}.Release|Win32.Build.0 = Release|Win32
	EndGlobalSection
	GlobalSection(SolutionProperties) = preSolution
		HideSolutionNode = FALSE
	EndGlobalSection
EndGlobal
